
Microsoft Visual Studio Solution File, Format Version 12.00
# Visual Studio 15
VisualStudioVersion = 15.0.26730.16
MinimumVisualStudioVersion = 10.0.40219.1
Project("{FAE04EC0-301F-11D3-BF4B-00C04F79EFBC}") = "EnrollmentApplication", "EnrollmentApplication\EnrollmentApplication.csproj", "{574E12C9-474C-4C17-BFE9-A385CC38FFC2}"
EndProject
Project("{FAE04EC0-301F-11D3-BF4B-00C04F79EFBC}") = "EnrollmentApplication.Tests", "EnrollmentApplication.Tests\EnrollmentApplication.Tests.csproj", "{A000261B-36C7-45B7-9C05-730E0C851AC6}"
EndProject
Global
	GlobalSection(SolutionConfigurationPlatforms) = preSolution
		Debug|Any CPU = Debug|Any CPU
		Release|Any CPU = Release|Any CPU
	EndGlobalSection
	GlobalSection(ProjectConfigurationPlatforms) = postSolution
		{574E12C9-474C-4C17-BFE9-A385CC38FFC2}.Debug|Any CPU.ActiveCfg = Debug|Any CPU
		{574E12C9-474C-4C17-BFE9-A385CC38FFC2}.Debug|Any CPU.Build.0 = Debug|Any CPU
		{574E12C9-474C-4C17-BFE9-A385CC38FFC2}.Release|Any CPU.ActiveCfg = Release|Any CPU
		{574E12C9-474C-4C17-BFE9-A385CC38FFC2}.Release|Any CPU.Build.0 = Release|Any CPU
		{A000261B-36C7-45B7-9C05-730E0C851AC6}.Debug|Any CPU.ActiveCfg = Debug|Any CPU
		{A000261B-36C7-45B7-9C05-730E0C851AC6}.Debug|Any CPU.Build.0 = Debug|Any CPU
		{A000261B-36C7-45B7-9C05-730E0C851AC6}.Release|Any CPU.ActiveCfg = Release|Any CPU
		{A000261B-36C7-45B7-9C05-730E0C851AC6}.Release|Any CPU.Build.0 = Release|Any CPU
	EndGlobalSection
	GlobalSection(SolutionProperties) = preSolution
		HideSolutionNode = FALSE
	EndGlobalSection
	GlobalSection(ExtensibilityGlobals) = postSolution
		SolutionGuid = {C5E62AE1-94D6-4E9C-8BAB-4ED7F60B6AD5}
	EndGlobalSection
EndGlobal
