
Microsoft Visual Studio Solution File, Format Version 12.00
# Visual Studio 15
VisualStudioVersion = 15.0.26730.16
MinimumVisualStudioVersion = 10.0.40219.1
Project("{FAE04EC0-301F-11D3-BF4B-00C04F79EFBC}") = "MVCEventBriteApplication", "MVCEventBriteApplication\MVCEventBriteApplication.csproj", "{0E5020DE-AD1B-4D7B-BF59-048991011999}"
EndProject
Project("{FAE04EC0-301F-11D3-BF4B-00C04F79EFBC}") = "MVCEventBriteApplication.Tests", "MVCEventBriteApplication.Tests\MVCEventBriteApplication.Tests.csproj", "{007114E7-0E98-4BB1-A39C-9F905B603636}"
EndProject
Global
	GlobalSection(SolutionConfigurationPlatforms) = preSolution
		Debug|Any CPU = Debug|Any CPU
		Release|Any CPU = Release|Any CPU
	EndGlobalSection
	GlobalSection(ProjectConfigurationPlatforms) = postSolution
		{0E5020DE-AD1B-4D7B-BF59-048991011999}.Debug|Any CPU.ActiveCfg = Debug|Any CPU
		{0E5020DE-AD1B-4D7B-BF59-048991011999}.Debug|Any CPU.Build.0 = Debug|Any CPU
		{0E5020DE-AD1B-4D7B-BF59-048991011999}.Release|Any CPU.ActiveCfg = Release|Any CPU
		{0E5020DE-AD1B-4D7B-BF59-048991011999}.Release|Any CPU.Build.0 = Release|Any CPU
		{007114E7-0E98-4BB1-A39C-9F905B603636}.Debug|Any CPU.ActiveCfg = Debug|Any CPU
		{007114E7-0E98-4BB1-A39C-9F905B603636}.Debug|Any CPU.Build.0 = Debug|Any CPU
		{007114E7-0E98-4BB1-A39C-9F905B603636}.Release|Any CPU.ActiveCfg = Release|Any CPU
		{007114E7-0E98-4BB1-A39C-9F905B603636}.Release|Any CPU.Build.0 = Release|Any CPU
	EndGlobalSection
	GlobalSection(SolutionProperties) = preSolution
		HideSolutionNode = FALSE
	EndGlobalSection
	GlobalSection(ExtensibilityGlobals) = postSolution
		SolutionGuid = {6BE2A19F-AE75-48DF-97AE-656A12D7B256}
	EndGlobalSection
EndGlobal
