
Microsoft Visual Studio Solution File, Format Version 12.00
# Visual Studio 15
VisualStudioVersion = 15.0.26730.16
MinimumVisualStudioVersion = 10.0.40219.1
Project("{FAE04EC0-301F-11D3-BF4B-00C04F79EFBC}") = "MVCAuth", "MVCAuth\MVCAuth.csproj", "{48FA0987-BC50-4B70-9904-671F05D164BC}"
EndProject
Global
	GlobalSection(SolutionConfigurationPlatforms) = preSolution
		Debug|Any CPU = Debug|Any CPU
		Release|Any CPU = Release|Any CPU
	EndGlobalSection
	GlobalSection(ProjectConfigurationPlatforms) = postSolution
		{48FA0987-BC50-4B70-9904-671F05D164BC}.Debug|Any CPU.ActiveCfg = Debug|Any CPU
		{48FA0987-BC50-4B70-9904-671F05D164BC}.Debug|Any CPU.Build.0 = Debug|Any CPU
		{48FA0987-BC50-4B70-9904-671F05D164BC}.Release|Any CPU.ActiveCfg = Release|Any CPU
		{48FA0987-BC50-4B70-9904-671F05D164BC}.Release|Any CPU.Build.0 = Release|Any CPU
	EndGlobalSection
	GlobalSection(SolutionProperties) = preSolution
		HideSolutionNode = FALSE
	EndGlobalSection
	GlobalSection(ExtensibilityGlobals) = postSolution
		SolutionGuid = {A26599DA-6E4D-4C42-A56C-96130EF23091}
	EndGlobalSection
EndGlobal
