
Microsoft Visual Studio Solution File, Format Version 12.00
# Visual Studio 15
VisualStudioVersion = 15.0.26730.16
MinimumVisualStudioVersion = 10.0.40219.1
Project("{FAE04EC0-301F-11D3-BF4B-00C04F79EFBC}") = "WebApp_NoAuth", "WebApp_NoAuth\WebApp_NoAuth.csproj", "{6B69A093-EFFE-4296-A753-84501F3705E5}"
EndProject
Global
	GlobalSection(SolutionConfigurationPlatforms) = preSolution
		Debug|Any CPU = Debug|Any CPU
		Release|Any CPU = Release|Any CPU
	EndGlobalSection
	GlobalSection(ProjectConfigurationPlatforms) = postSolution
		{6B69A093-EFFE-4296-A753-84501F3705E5}.Debug|Any CPU.ActiveCfg = Debug|Any CPU
		{6B69A093-EFFE-4296-A753-84501F3705E5}.Debug|Any CPU.Build.0 = Debug|Any CPU
		{6B69A093-EFFE-4296-A753-84501F3705E5}.Release|Any CPU.ActiveCfg = Release|Any CPU
		{6B69A093-EFFE-4296-A753-84501F3705E5}.Release|Any CPU.Build.0 = Release|Any CPU
	EndGlobalSection
	GlobalSection(SolutionProperties) = preSolution
		HideSolutionNode = FALSE
	EndGlobalSection
	GlobalSection(ExtensibilityGlobals) = postSolution
		SolutionGuid = {815CC8F2-57EF-44F9-BE55-78F4FDB686F9}
	EndGlobalSection
EndGlobal
